// !$*UTF8*$!
{
	archiveVersion = 1;
	classes = {
	};
	objectVersion = 50;
	objects = {

/* Begin PBXBuildFile section */
		83D203E426B9F8B100C432AB /* AppDelegate.swift in Sources */ = {isa = PBXBuildFile; fileRef = 83D203E326B9F8B100C432AB /* AppDelegate.swift */; };
		83D203E626B9F8B100C432AB /* SceneDelegate.swift in Sources */ = {isa = PBXBuildFile; fileRef = 83D203E526B9F8B100C432AB /* SceneDelegate.swift */; };
		83D203E826B9F8B100C432AB /* ViewController.swift in Sources */ = {isa = PBXBuildFile; fileRef = 83D203E726B9F8B100C432AB /* ViewController.swift */; };
		83D203EB26B9F8B100C432AB /* Main.storyboard in Resources */ = {isa = PBXBuildFile; fileRef = 83D203E926B9F8B100C432AB /* Main.storyboard */; };
		83D203ED26B9F8BC00C432AB /* Assets.xcassets in Resources */ = {isa = PBXBuildFile; fileRef = 83D203EC26B9F8BC00C432AB /* Assets.xcassets */; };
		83D203F026B9F8BC00C432AB /* LaunchScreen.storyboard in Resources */ = {isa = PBXBuildFile; fileRef = 83D203EE26B9F8BC00C432AB /* LaunchScreen.storyboard */; };
		83EF6B3B26BA39DD00B5909F /* A.wav in Resources */ = {isa = PBXBuildFile; fileRef = 83EF6B3426BA39DD00B5909F /* A.wav */; };
		83EF6B3C26BA39DD00B5909F /* C.wav in Resources */ = {isa = PBXBuildFile; fileRef = 83EF6B3526BA39DD00B5909F /* C.wav */; };
		83EF6B3D26BA39DD00B5909F /* B.wav in Resources */ = {isa = PBXBuildFile; fileRef = 83EF6B3626BA39DD00B5909F /* B.wav */; };
		83EF6B3E26BA39DD00B5909F /* F.wav in Resources */ = {isa = PBXBuildFile; fileRef = 83EF6B3726BA39DD00B5909F /* F.wav */; };
		83EF6B3F26BA39DD00B5909F /* G.wav in Resources */ = {isa = PBXBuildFile; fileRef = 83EF6B3826BA39DD00B5909F /* G.wav */; };
		83EF6B4026BA39DD00B5909F /* E.wav in Resources */ = {isa = PBXBuildFile; fileRef = 83EF6B3926BA39DD00B5909F /* E.wav */; };
		83EF6B4126BA39DD00B5909F /* D.wav in Resources */ = {isa = PBXBuildFile; fileRef = 83EF6B3A26BA39DD00B5909F /* D.wav */; };
/* End PBXBuildFile section */

/* Begin PBXFileReference section */
		83D203E026B9F8B100C432AB /* Xylophone-Ftm.app */ = {isa = PBXFileReference; explicitFileType = wrapper.application; includeInIndex = 0; path = "Xylophone-Ftm.app"; sourceTree = BUILT_PRODUCTS_DIR; };
		83D203E326B9F8B100C432AB /* AppDelegate.swift */ = {isa = PBXFileReference; lastKnownFileType = sourcecode.swift; path = AppDelegate.swift; sourceTree = "<group>"; };
		83D203E526B9F8B100C432AB /* SceneDelegate.swift */ = {isa = PBXFileReference; lastKnownFileType = sourcecode.swift; path = SceneDelegate.swift; sourceTree = "<group>"; };
		83D203E726B9F8B100C432AB /* ViewController.swift */ = {isa = PBXFileReference; lastKnownFileType = sourcecode.swift; path = ViewController.swift; sourceTree = "<group>"; };
		83D203EA26B9F8B100C432AB /* Base */ = {isa = PBXFileReference; lastKnownFileType = file.storyboard; name = Base; path = Base.lproj/Main.storyboard; sourceTree = "<group>"; };
		83D203EC26B9F8BC00C432AB /* Assets.xcassets */ = {isa = PBXFileReference; lastKnownFileType = folder.assetcatalog; path = Assets.xcassets; sourceTree = "<group>"; };
		83D203EF26B9F8BC00C432AB /* Base */ = {isa = PBXFileReference; lastKnownFileType = file.storyboard; name = Base; path = Base.lproj/LaunchScreen.storyboard; sourceTree = "<group>"; };
		83D203F126B9F8BC00C432AB /* Info.plist */ = {isa = PBXFileReference; lastKnownFileType = text.plist.xml; path = Info.plist; sourceTree = "<group>"; };
		83EF6B3426BA39DD00B5909F /* A.wav */ = {isa = PBXFileReference; lastKnownFileType = audio.wav; path = A.wav; sourceTree = "<group>"; };
		83EF6B3526BA39DD00B5909F /* C.wav */ = {isa = PBXFileReference; lastKnownFileType = audio.wav; path = C.wav; sourceTree = "<group>"; };
		83EF6B3626BA39DD00B5909F /* B.wav */ = {isa = PBXFileReference; lastKnownFileType = audio.wav; path = B.wav; sourceTree = "<group>"; };
		83EF6B3726BA39DD00B5909F /* F.wav */ = {isa = PBXFileReference; lastKnownFileType = audio.wav; path = F.wav; sourceTree = "<group>"; };
		83EF6B3826BA39DD00B5909F /* G.wav */ = {isa = PBXFileReference; lastKnownFileType = audio.wav; path = G.wav; sourceTree = "<group>"; };
		83EF6B3926BA39DD00B5909F /* E.wav */ = {isa = PBXFileReference; lastKnownFileType = audio.wav; path = E.wav; sourceTree = "<group>"; };
		83EF6B3A26BA39DD00B5909F /* D.wav */ = {isa = PBXFileReference; lastKnownFileType = audio.wav; path = D.wav; sourceTree = "<group>"; };
/* End PBXFileReference section */

/* Begin PBXFrameworksBuildPhase section */
		83D203DD26B9F8B100C432AB /* Frameworks */ = {
			isa = PBXFrameworksBuildPhase;
			buildActionMask = 2147483647;
			files = (
			);
			runOnlyForDeploymentPostprocessing = 0;
		};
/* End PBXFrameworksBuildPhase section */

/* Begin PBXGroup section */
		83D203D726B9F8B100C432AB = {
			isa = PBXGroup;
			children = (
				83D203E226B9F8B100C432AB /* Xylophone-Ftm */,
				83EF6B3326BA39DD00B5909F /* Sounds */,
				83D203E126B9F8B100C432AB /* Products */,
			);
			sourceTree = "<group>";
		};
		83D203E126B9F8B100C432AB /* Products */ = {
			isa = PBXGroup;
			children = (
				83D203E026B9F8B100C432AB /* Xylophone-Ftm.app */,
			);
			name = Products;
			sourceTree = "<group>";
		};
		83D203E226B9F8B100C432AB /* Xylophone-Ftm */ = {
			isa = PBXGroup;
			children = (
				83D203E326B9F8B100C432AB /* AppDelegate.swift */,
				83D203E526B9F8B100C432AB /* SceneDelegate.swift */,
				83D203E726B9F8B100C432AB /* ViewController.swift */,
				83D203E926B9F8B100C432AB /* Main.storyboard */,
				83D203EC26B9F8BC00C432AB /* Assets.xcassets */,
				83D203EE26B9F8BC00C432AB /* LaunchScreen.storyboard */,
				83D203F126B9F8BC00C432AB /* Info.plist */,
			);
			path = "Xylophone-Ftm";
			sourceTree = "<group>";
		};
		83EF6B3326BA39DD00B5909F /* Sounds */ = {
			isa = PBXGroup;
			children = (
				83EF6B3426BA39DD00B5909F /* A.wav */,
				83EF6B3526BA39DD00B5909F /* C.wav */,
				83EF6B3626BA39DD00B5909F /* B.wav */,
				83EF6B3726BA39DD00B5909F /* F.wav */,
				83EF6B3826BA39DD00B5909F /* G.wav */,
				83EF6B3926BA39DD00B5909F /* E.wav */,
				83EF6B3A26BA39DD00B5909F /* D.wav */,
			);
			path = Sounds;
			sourceTree = "<group>";
		};
/* End PBXGroup section */

/* Begin PBXNativeTarget section */
		83D203DF26B9F8B100C432AB /* Xylophone-Ftm */ = {
			isa = PBXNativeTarget;
			buildConfigurationList = 83D203F426B9F8BC00C432AB /* Build configuration list for PBXNativeTarget "Xylophone-Ftm" */;
			buildPhases = (
				83D203DC26B9F8B100C432AB /* Sources */,
				83D203DD26B9F8B100C432AB /* Frameworks */,
				83D203DE26B9F8B100C432AB /* Resources */,
			);
			buildRules = (
			);
			dependencies = (
			);
			name = "Xylophone-Ftm";
			productName = "Xylophone-Ftm";
			productReference = 83D203E026B9F8B100C432AB /* Xylophone-Ftm.app */;
			productType = "com.apple.product-type.application";
		};
/* End PBXNativeTarget section */

/* Begin PBXProject section */
		83D203D826B9F8B100C432AB /* Project object */ = {
			isa = PBXProject;
			attributes = {
				LastSwiftUpdateCheck = 1240;
				LastUpgradeCheck = 1240;
				TargetAttributes = {
					83D203DF26B9F8B100C432AB = {
						CreatedOnToolsVersion = 12.4;
					};
				};
			};
			buildConfigurationList = 83D203DB26B9F8B100C432AB /* Build configuration list for PBXProject "Xylophone-Ftm" */;
			compatibilityVersion = "Xcode 9.3";
			developmentRegion = en;
			hasScannedForEncodings = 0;
			knownRegions = (
				en,
				Base,
			);
			mainGroup = 83D203D726B9F8B100C432AB;
			productRefGroup = 83D203E126B9F8B100C432AB /* Products */;
			projectDirPath = "";
			projectRoot = "";
			targets = (
				83D203DF26B9F8B100C432AB /* Xylophone-Ftm */,
			);
		};
/* End PBXProject section */

/* Begin PBXResourcesBuildPhase section */
		83D203DE26B9F8B100C432AB /* Resources */ = {
			isa = PBXResourcesBuildPhase;
			buildActionMask = 2147483647;
			files = (
				83EF6B3F26BA39DD00B5909F /* G.wav in Resources */,
				83D203F026B9F8BC00C432AB /* LaunchScreen.storyboard in Resources */,
				83EF6B3E26BA39DD00B5909F /* F.wav in Resources */,
				83D203ED26B9F8BC00C432AB /* Assets.xcassets in Resources */,
				83EF6B3B26BA39DD00B5909F /* A.wav in Resources */,
				83EF6B3D26BA39DD00B5909F /* B.wav in Resources */,
				83EF6B4026BA39DD00B5909F /* E.wav in Resources */,
				83EF6B4126BA39DD00B5909F /* D.wav in Resources */,
				83D203EB26B9F8B100C432AB /* Main.storyboard in Resources */,
				83EF6B3C26BA39DD00B5909F /* C.wav in Resources */,
			);
			runOnlyForDeploymentPostprocessing = 0;
		};
/* End PBXResourcesBuildPhase section */

/* Begin PBXSourcesBuildPhase section */
		83D203DC26B9F8B100C432AB /* Sources */ = {
			isa = PBXSourcesBuildPhase;
			buildActionMask = 2147483647;
			files = (
				83D203E826B9F8B100C432AB /* ViewController.swift in Sources */,
				83D203E426B9F8B100C432AB /* AppDelegate.swift in Sources */,
				83D203E626B9F8B100C432AB /* SceneDelegate.swift in Sources */,
			);
			runOnlyForDeploymentPostprocessing = 0;
		};
/* End PBXSourcesBuildPhase section */

/* Begin PBXVariantGroup section */
		83D203E926B9F8B100C432AB /* Main.storyboard */ = {
			isa = PBXVariantGroup;
			children = (
				83D203EA26B9F8B100C432AB /* Base */,
			);
			name = Main.storyboard;
			sourceTree = "<group>";
		};
		83D203EE26B9F8BC00C432AB /* LaunchScreen.storyboard */ = {
			isa = PBXVariantGroup;
			children = (
				83D203EF26B9F8BC00C432AB /* Base */,
			);
			name = LaunchScreen.storyboard;
			sourceTree = "<group>";
		};
/* End PBXVariantGroup section */

/* Begin XCBuildConfiguration section */
		83D203F226B9F8BC00C432AB /* Debug */ = {
			isa = XCBuildConfiguration;
			buildSettings = {
				ALWAYS_SEARCH_USER_PATHS = NO;
				CLANG_ANALYZER_NONNULL = YES;
				CLANG_ANALYZER_NUMBER_OBJECT_CONVERSION = YES_AGGRESSIVE;
				CLANG_CXX_LANGUAGE_STANDARD = "gnu++14";
				CLANG_CXX_LIBRARY = "libc++";
				CLANG_ENABLE_MODULES = YES;
				CLANG_ENABLE_OBJC_ARC = YES;
				CLANG_ENABLE_OBJC_WEAK = YES;
				CLANG_WARN_BLOCK_CAPTURE_AUTORELEASING = YES;
				CLANG_WARN_BOOL_CONVERSION = YES;
				CLANG_WARN_COMMA = YES;
				CLANG_WARN_CONSTANT_CONVERSION = YES;
				CLANG_WARN_DEPRECATED_OBJC_IMPLEMENTATIONS = YES;
				CLANG_WARN_DIRECT_OBJC_ISA_USAGE = YES_ERROR;
				CLANG_WARN_DOCUMENTATION_COMMENTS = YES;
				CLANG_WARN_EMPTY_BODY = YES;
				CLANG_WARN_ENUM_CONVERSION = YES;
				CLANG_WARN_INFINITE_RECURSION = YES;
				CLANG_WARN_INT_CONVERSION = YES;
				CLANG_WARN_NON_LITERAL_NULL_CONVERSION = YES;
				CLANG_WARN_OBJC_IMPLICIT_RETAIN_SELF = YES;
				CLANG_WARN_OBJC_LITERAL_CONVERSION = YES;
				CLANG_WARN_OBJC_ROOT_CLASS = YES_ERROR;
				CLANG_WARN_QUOTED_INCLUDE_IN_FRAMEWORK_HEADER = YES;
				CLANG_WARN_RANGE_LOOP_ANALYSIS = YES;
				CLANG_WARN_STRICT_PROTOTYPES = YES;
				CLANG_WARN_SUSPICIOUS_MOVE = YES;
				CLANG_WARN_UNGUARDED_AVAILABILITY = YES_AGGRESSIVE;
				CLANG_WARN_UNREACHABLE_CODE = YES;
				CLANG_WARN__DUPLICATE_METHOD_MATCH = YES;
				COPY_PHASE_STRIP = NO;
				DEBUG_INFORMATION_FORMAT = dwarf;
				ENABLE_STRICT_OBJC_MSGSEND = YES;
				ENABLE_TESTABILITY = YES;
				GCC_C_LANGUAGE_STANDARD = gnu11;
				GCC_DYNAMIC_NO_PIC = NO;
				GCC_NO_COMMON_BLOCKS = YES;
				GCC_OPTIMIZATION_LEVEL = 0;
				GCC_PREPROCESSOR_DEFINITIONS = (
					"DEBUG=1",
					"$(inherited)",
				);
				GCC_WARN_64_TO_32_BIT_CONVERSION = YES;
				GCC_WARN_ABOUT_RETURN_TYPE = YES_ERROR;
				GCC_WARN_UNDECLARED_SELECTOR = YES;
				GCC_WARN_UNINITIALIZED_AUTOS = YES_AGGRESSIVE;
				GCC_WARN_UNUSED_FUNCTION = YES;
				GCC_WARN_UNUSED_VARIABLE = YES;
				IPHONEOS_DEPLOYMENT_TARGET = 14.4;
				MTL_ENABLE_DEBUG_INFO = INCLUDE_SOURCE;
				MTL_FAST_MATH = YES;
				ONLY_ACTIVE_ARCH = YES;
				SDKROOT = iphoneos;
				SWIFT_ACTIVE_COMPILATION_CONDITIONS = DEBUG;
				SWIFT_OPTIMIZATION_LEVEL = "-Onone";
			};
			name = Debug;
		};
		83D203F326B9F8BC00C432AB /* Release */ = {
			isa = XCBuildConfiguration;
			buildSettings = {
				ALWAYS_SEARCH_USER_PATHS = NO;
				CLANG_ANALYZER_NONNULL = YES;
				CLANG_ANALYZER_NUMBER_OBJECT_CONVERSION = YES_AGGRESSIVE;
				CLANG_CXX_LANGUAGE_STANDARD = "gnu++14";
				CLANG_CXX_LIBRARY = "libc++";
				CLANG_ENABLE_MODULES = YES;
				CLANG_ENABLE_OBJC_ARC = YES;
				CLANG_ENABLE_OBJC_WEAK = YES;
				CLANG_WARN_BLOCK_CAPTURE_AUTORELEASING = YES;
				CLANG_WARN_BOOL_CONVERSION = YES;
				CLANG_WARN_COMMA = YES;
				CLANG_WARN_CONSTANT_CONVERSION = YES;
				CLANG_WARN_DEPRECATED_OBJC_IMPLEMENTATIONS = YES;
				CLANG_WARN_DIRECT_OBJC_ISA_USAGE = YES_ERROR;
				CLANG_WARN_DOCUMENTATION_COMMENTS = YES;
				CLANG_WARN_EMPTY_BODY = YES;
				CLANG_WARN_ENUM_CONVERSION = YES;
				CLANG_WARN_INFINITE_RECURSION = YES;
				CLANG_WARN_INT_CONVERSION = YES;
				CLANG_WARN_NON_LITERAL_NULL_CONVERSION = YES;
				CLANG_WARN_OBJC_IMPLICIT_RETAIN_SELF = YES;
				CLANG_WARN_OBJC_LITERAL_CONVERSION = YES;
				CLANG_WARN_OBJC_ROOT_CLASS = YES_ERROR;
				CLANG_WARN_QUOTED_INCLUDE_IN_FRAMEWORK_HEADER = YES;
				CLANG_WARN_RANGE_LOOP_ANALYSIS = YES;
				CLANG_WARN_STRICT_PROTOTYPES = YES;
				CLANG_WARN_SUSPICIOUS_MOVE = YES;
				CLANG_WARN_UNGUARDED_AVAILABILITY = YES_AGGRESSIVE;
				CLANG_WARN_UNREACHABLE_CODE = YES;
				CLANG_WARN__DUPLICATE_METHOD_MATCH = YES;
				COPY_PHASE_STRIP = NO;
				DEBUG_INFORMATION_FORMAT = "dwarf-with-dsym";
				ENABLE_NS_ASSERTIONS = NO;
				ENABLE_STRICT_OBJC_MSGSEND = YES;
				GCC_C_LANGUAGE_STANDARD = gnu11;
				GCC_NO_COMMON_BLOCKS = YES;
				GCC_WARN_64_TO_32_BIT_CONVERSION = YES;
				GCC_WARN_ABOUT_RETURN_TYPE = YES_ERROR;
				GCC_WARN_UNDECLARED_SELECTOR = YES;
				GCC_WARN_UNINITIALIZED_AUTOS = YES_AGGRESSIVE;
				GCC_WARN_UNUSED_FUNCTION = YES;
				GCC_WARN_UNUSED_VARIABLE = YES;
				IPHONEOS_DEPLOYMENT_TARGET = 14.4;
				MTL_ENABLE_DEBUG_INFO = NO;
				MTL_FAST_MATH = YES;
				SDKROOT = iphoneos;
				SWIFT_COMPILATION_MODE = wholemodule;
				SWIFT_OPTIMIZATION_LEVEL = "-O";
				VALIDATE_PRODUCT = YES;
			};
			name = Release;
		};
		83D203F526B9F8BC00C432AB /* Debug */ = {
			isa = XCBuildConfiguration;
			buildSettings = {
				ASSETCATALOG_COMPILER_APPICON_NAME = AppIcon;
				ASSETCATALOG_COMPILER_GLOBAL_ACCENT_COLOR_NAME = AccentColor;
				CODE_SIGN_STYLE = Automatic;
				DEVELOPMENT_TEAM = K46QJ9STW7;
				INFOPLIST_FILE = "Xylophone-Ftm/Info.plist";
				IPHONEOS_DEPLOYMENT_TARGET = 13.0;
				LD_RUNPATH_SEARCH_PATHS = (
					"$(inherited)",
					"@executable_path/Frameworks",
				);
				PRODUCT_BUNDLE_IDENTIFIER = "com.FatemeF.Xylophone-Ftm";
				PRODUCT_NAME = "$(TARGET_NAME)";
				SWIFT_VERSION = 5.0;
				TARGETED_DEVICE_FAMILY = 1;
			};
			name = Debug;
		};
		83D203F626B9F8BC00C432AB /* Release */ = {
			isa = XCBuildConfiguration;
			buildSettings = {
				ASSETCATALOG_COMPILER_APPICON_NAME = AppIcon;
				ASSETCATALOG_COMPILER_GLOBAL_ACCENT_COLOR_NAME = AccentColor;
				CODE_SIGN_STYLE = Automatic;
				DEVELOPMENT_TEAM = K46QJ9STW7;
				INFOPLIST_FILE = "Xylophone-Ftm/Info.plist";
				IPHONEOS_DEPLOYMENT_TARGET = 13.0;
				LD_RUNPATH_SEARCH_PATHS = (
					"$(inherited)",
					"@executable_path/Frameworks",
				);
				PRODUCT_BUNDLE_IDENTIFIER = "com.FatemeF.Xylophone-Ftm";
				PRODUCT_NAME = "$(TARGET_NAME)";
				SWIFT_VERSION = 5.0;
				TARGETED_DEVICE_FAMILY = 1;
			};
			name = Release;
		};
/* End XCBuildConfiguration section */

/* Begin XCConfigurationList section */
		83D203DB26B9F8B100C432AB /* Build configuration list for PBXProject "Xylophone-Ftm" */ = {
			isa = XCConfigurationList;
			buildConfigurations = (
				83D203F226B9F8BC00C432AB /* Debug */,
				83D203F326B9F8BC00C432AB /* Release */,
			);
			defaultConfigurationIsVisible = 0;
			defaultConfigurationName = Release;
		};
		83D203F426B9F8BC00C432AB /* Build configuration list for PBXNativeTarget "Xylophone-Ftm" */ = {
			isa = XCConfigurationList;
			buildConfigurations = (
				83D203F526B9F8BC00C432AB /* Debug */,
				83D203F626B9F8BC00C432AB /* Release */,
			);
			defaultConfigurationIsVisible = 0;
			defaultConfigurationName = Release;
		};
/* End XCConfigurationList section */
	};
	rootObject = 83D203D826B9F8B100C432AB /* Project object */;
}
